<?xml version="1.0" encoding="utf-8"?>
<Project ToolsVersion="4.0" xmlns="http://schemas.microsoft.com/developer/msbuild/2003">
  <ItemGroup>
    <Filter Include="Source Files">
      <UniqueIdentifier>{881f3648-9cad-442b-898c-84a19c35f8e5}</UniqueIdentifier>
      <Extensions>cpp</Extensions>
    </Filter>
    <Filter Include="Header Files">
      <UniqueIdentifier>{fd198442-5a10-4345-83ac-92d2d7af187b}</UniqueIdentifier>
      <Extensions>h</Extensions>
    </Filter>
    <Filter Include="Miscellaneous Files">
      <UniqueIdentifier>{8d6f010c-d4ea-4251-a3c3-8550e1a052c1}</UniqueIdentifier>
      <Extensions>txt</Extensions>
    </Filter>
    <Filter Include="Header Files\Exporters">
      <UniqueIdentifier>{61d33aeb-3d8a-47fa-9aa9-a0ec37354fee}</UniqueIdentifier>
    </Filter>
    <Filter Include="Header Files\Importers">
      <UniqueIdentifier>{691cbf8e-0324-45fa-af54-f9ace810f15e}</UniqueIdentifier>
    </Filter>
    <Filter Include="Source Files\Importers">
      <UniqueIdentifier>{be06bee9-4f19-43d6-aa12-24f1a63da2cd}</UniqueIdentifier>
    </Filter>
    <Filter Include="Source Files\Exporters">
      <UniqueIdentifier>{094ce4fb-d0ce-461c-854c-f0e612eead66}</UniqueIdentifier>
    </Filter>
    <Filter Include="Header Files\Common">
      <UniqueIdentifier>{40052fd2-ac52-49e3-b6ae-43ea5c856473}</UniqueIdentifier>
    </Filter>
    <Filter Include="Source Files\Common">
      <UniqueIdentifier>{4b9d58ab-d151-4ffd-a045-f94da0206c65}</UniqueIdentifier>
    </Filter>
    <Filter Include="Header Files\Custom Nodes">
      <UniqueIdentifier>{cbbbb5c3-4cde-42fa-ad11-1ae91e63eb3f}</UniqueIdentifier>
    </Filter>
    <Filter Include="Source Files\Custom Nodes">
      <UniqueIdentifier>{257e7f2a-6fe7-401e-afff-bf1ae32982d7}</UniqueIdentifier>
    </Filter>
  </ItemGroup>
  <ItemGroup>
    <None Include="nifTranslatorOpts.mel">
      <Filter>Miscellaneous Files</Filter>
    </None>
    <None Include="nifTranslatorMenuCreate.mel">
      <Filter>Miscellaneous Files</Filter>
    </None>
    <None Include="nifTranslatorMenuRemove.mel">
      <Filter>Miscellaneous Files</Filter>
    </None>
    <None Include="AEnifDismemberPartitionTemplate.mel">
      <Filter>Miscellaneous Files</Filter>
    </None>
    <None Include="ClassDiagram1.cd" />
  </ItemGroup>
  <ItemGroup>
    <ClInclude Include="include\Exporters\NifAnimationExporter.h">
      <Filter>Header Files\Exporters</Filter>
    </ClInclude>
    <ClInclude Include="include\Exporters\NifDefaultExportingFixture.h">
      <Filter>Header Files\Exporters</Filter>
    </ClInclude>
    <ClInclude Include="include\Exporters\NifExportingFixture.h">
      <Filter>Header Files\Exporters</Filter>
    </ClInclude>
    <ClInclude Include="include\Exporters\NifMaterialExporter.h">
      <Filter>Header Files\Exporters</Filter>
    </ClInclude>
    <ClInclude Include="include\Exporters\NifMeshExporter.h">
      <Filter>Header Files\Exporters</Filter>
    </ClInclude>
    <ClInclude Include="include\Exporters\NifNodeExporter.h">
      <Filter>Header Files\Exporters</Filter>
    </ClInclude>
    <ClInclude Include="include\Importers\NifAnimationImporter.h">
      <Filter>Header Files\Importers</Filter>
    </ClInclude>
    <ClInclude Include="include\Importers\NifDefaultImportingFixture.h">
      <Filter>Header Files\Importers</Filter>
    </ClInclude>
    <ClInclude Include="include\Importers\NifImportingFixture.h">
      <Filter>Header Files\Importers</Filter>
    </ClInclude>
    <ClInclude Include="include\Importers\NifMaterialImporter.h">
      <Filter>Header Files\Importers</Filter>
    </ClInclude>
    <ClInclude Include="include\Importers\NifMeshImporter.h">
      <Filter>Header Files\Importers</Filter>
    </ClInclude>
    <ClInclude Include="include\Importers\NifNodeImporter.h">
      <Filter>Header Files\Importers</Filter>
    </ClInclude>
    <ClInclude Include="include\Common\NifTranslatorData.h">
      <Filter>Header Files\Common</Filter>
    </ClInclude>
    <ClInclude Include="include\Common\NifTranslatorDataWrapper.h">
      <Filter>Header Files\Common</Filter>
    </ClInclude>
    <ClInclude Include="include\Common\NifTranslatorFixtureItem.h">
      <Filter>Header Files\Common</Filter>
    </ClInclude>
    <ClInclude Include="include\Common\NifTranslatorOptions.h">
      <Filter>Header Files\Common</Filter>
    </ClInclude>
    <ClInclude Include="include\Common\NifTranslatorRefObject.h">
      <Filter>Header Files\Common</Filter>
    </ClInclude>
    <ClInclude Include="include\Common\NifTranslatorUtils.h">
      <Filter>Header Files\Common</Filter>
    </ClInclude>
    <ClInclude Include="NifTranslator.h">
      <Filter>Header Files</Filter>
    </ClInclude>
    <ClInclude Include="include\Importers\NifKFAnimationImporter.h">
      <Filter>Header Files\Importers</Filter>
    </ClInclude>
    <ClInclude Include="include\Importers\NifKFImportingFixture.h">
      <Filter>Header Files\Importers</Filter>
    </ClInclude>
    <ClInclude Include="include\Exporters\NifKFExportingFixture.h">
      <Filter>Header Files\Exporters</Filter>
    </ClInclude>
    <ClInclude Include="include\Exporters\NifKFAnimationExporter.h">
      <Filter>Header Files\Exporters</Filter>
    </ClInclude>
    <ClInclude Include="include\Importers\NifMaterialImporterSkyrim.h">
      <Filter>Header Files\Importers</Filter>
    </ClInclude>
    <ClInclude Include="include\Importers\NifTextureConnector.h">
      <Filter>Header Files\Importers</Filter>
    </ClInclude>
    <ClInclude Include="include\Importers\NifMeshImporterSkyrim.h">
      <Filter>Header Files\Importers</Filter>
    </ClInclude>
    <ClInclude Include="include\Importers\NifSkyrimImportingFixture.h">
      <Filter>Header Files\Importers</Filter>
    </ClInclude>
    <ClInclude Include="include\Custom Nodes\NifDismemberPartition.h">
      <Filter>Header Files\Custom Nodes</Filter>
    </ClInclude>
    <ClInclude Include="include\Exporters\NifMaterialExporterSkyrim.h">
      <Filter>Header Files\Exporters</Filter>
    </ClInclude>
    <ClInclude Include="include\Exporters\NifMeshExporterSkyrim.h">
      <Filter>Header Files\Exporters</Filter>
    </ClInclude>
    <ClInclude Include="include\Exporters\NifSkyrimExportingfixture.h">
      <Filter>Header Files\Exporters</Filter>
    </ClInclude>
  </ItemGroup>
  <ItemGroup>
    <ClCompile Include="src\Exporters\NifAnimationExporter.cpp">
      <Filter>Source Files\Exporters</Filter>
    </ClCompile>
    <ClCompile Include="src\Exporters\NifDefaultExportingFixture.cpp">
      <Filter>Source Files\Exporters</Filter>
    </ClCompile>
    <ClCompile Include="src\Exporters\NifExportingFixture.cpp">
      <Filter>Source Files\Exporters</Filter>
    </ClCompile>
    <ClCompile Include="src\Exporters\NifMaterialExporter.cpp">
      <Filter>Source Files\Exporters</Filter>
    </ClCompile>
    <ClCompile Include="src\Exporters\NifMeshExporter.cpp">
      <Filter>Source Files\Exporters</Filter>
    </ClCompile>
    <ClCompile Include="src\Exporters\NifNodeExporter.cpp">
      <Filter>Source Files\Exporters</Filter>
    </ClCompile>
    <ClCompile Include="src\Importers\NifAnimationImporter.cpp">
      <Filter>Source Files\Importers</Filter>
    </ClCompile>
    <ClCompile Include="src\Importers\NifDefaultImportingFixture.cpp">
      <Filter>Source Files\Importers</Filter>
    </ClCompile>
    <ClCompile Include="src\Importers\NifImportingFixture.cpp">
      <Filter>Source Files\Importers</Filter>
    </ClCompile>
    <ClCompile Include="src\Importers\NifMaterialImporter.cpp">
      <Filter>Source Files\Importers</Filter>
    </ClCompile>
    <ClCompile Include="src\Importers\NifMeshImporter.cpp">
      <Filter>Source Files\Importers</Filter>
    </ClCompile>
    <ClCompile Include="src\Importers\NifNodeImporter.cpp">
      <Filter>Source Files\Importers</Filter>
    </ClCompile>
    <ClCompile Include="src\Common\NifTranslatorData.cpp">
      <Filter>Source Files\Common</Filter>
    </ClCompile>
    <ClCompile Include="src\Common\NifTranslatorDataWrapper.cpp">
      <Filter>Source Files\Common</Filter>
    </ClCompile>
    <ClCompile Include="src\Common\NifTranslatorFixtureItem.cpp">
      <Filter>Source Files\Common</Filter>
    </ClCompile>
    <ClCompile Include="src\Common\NifTranslatorOptions.cpp">
      <Filter>Source Files\Common</Filter>
    </ClCompile>
    <ClCompile Include="src\Common\NifTranslatorRefObject.cpp">
      <Filter>Source Files\Common</Filter>
    </ClCompile>
    <ClCompile Include="src\Common\NifTranslatorUtils.cpp">
      <Filter>Source Files\Common</Filter>
    </ClCompile>
    <ClCompile Include="NifTranslator.cpp">
      <Filter>Source Files</Filter>
    </ClCompile>
    <ClCompile Include="src\Importers\NifKFAnimationImporter.cpp">
      <Filter>Source Files\Importers</Filter>
    </ClCompile>
    <ClCompile Include="src\Importers\NifKFImportingFixture.cpp">
      <Filter>Source Files\Importers</Filter>
    </ClCompile>
    <ClCompile Include="src\Exporters\NifKFAnimationExporter.cpp">
      <Filter>Source Files\Exporters</Filter>
    </ClCompile>
    <ClCompile Include="src\Exporters\NifKFExportingFixture.cpp">
      <Filter>Source Files\Exporters</Filter>
    </ClCompile>
    <ClCompile Include="src\Importers\NifMaterialImporterSkyrim.cpp">
      <Filter>Source Files\Importers</Filter>
    </ClCompile>
    <ClCompile Include="src\Importers\NifMeshImporterSkyrim.cpp">
      <Filter>Source Files\Importers</Filter>
    </ClCompile>
    <ClCompile Include="src\Importers\NifTextureConnector.cpp">
      <Filter>Source Files\Importers</Filter>
    </ClCompile>
    <ClCompile Include="src\Importers\NifSkyrimImportingFixture.cpp">
      <Filter>Source Files\Importers</Filter>
    </ClCompile>
    <ClCompile Include="src\Custom Nodes\NifDismemberPartition.cpp">
      <Filter>Source Files\Custom Nodes</Filter>
    </ClCompile>
    <ClCompile Include="src\Exporters\NifMeshExporterSkyrim.cpp">
      <Filter>Source Files\Exporters</Filter>
    </ClCompile>
    <ClCompile Include="src\Exporters\NifMaterialExporterSkyrim.cpp">
      <Filter>Source Files\Exporters</Filter>
    </ClCompile>
    <ClCompile Include="src\Exporters\NifSkyrimExportingFixture.cpp">
      <Filter>Source Files\Exporters</Filter>
    </ClCompile>
  </ItemGroup>
</Project>