Microsoft Visual Studio Solution File, Format Version 11.00
# Visual C++ Express 2010
Project("{8BC9CEB8-8B4A-11D0-8D11-00A0C91BC942}") = "maya_nif_plugin", "maya_nif_plugin.vcxproj", "{DE2F121F-8326-4144-A766-444451895AFA}"
	ProjectSection(ProjectDependencies) = postProject
		{19FD8EE6-79CC-4BAC-9744-D9573BE47C7E} = {19FD8EE6-79CC-4BAC-9744-D9573BE47C7E}
	EndProjectSection
EndProject
Project("{8BC9CEB8-8B4A-11D0-8D11-00A0C91BC942}") = "niflib", "..\niflib\niflib.vcxproj", "{19FD8EE6-79CC-4BAC-9744-D9573BE47C7E}"
EndProject
Global
	GlobalSection(SolutionConfigurationPlatforms) = preSolution
		Debug - DLL|Win32 = Debug - DLL|Win32
		Debug - DLL|x64 = Debug - DLL|x64
		Debug - Static|Win32 = Debug - Static|Win32
		Debug - Static|x64 = Debug - Static|x64
		Debug|Win32 = Debug|Win32
		Debug|x64 = Debug|x64
		Release - DLL|Win32 = Release - DLL|Win32
		Release - DLL|x64 = Release - DLL|x64
		Release - Static|Win32 = Release - Static|Win32
		Release - Static|x64 = Release - Static|x64
		Release|Win32 = Release|Win32
		Release|x64 = Release|x64
	EndGlobalSection
	GlobalSection(ProjectConfigurationPlatforms) = postSolution
		{DE2F121F-8326-4144-A766-444451895AFA}.Debug - DLL|Win32.ActiveCfg = Debug|x64
		{DE2F121F-8326-4144-A766-444451895AFA}.Debug - DLL|x64.ActiveCfg = Debug|x64
		{DE2F121F-8326-4144-A766-444451895AFA}.Debug - DLL|x64.Build.0 = Debug|x64
		{DE2F121F-8326-4144-A766-444451895AFA}.Debug - Static|Win32.ActiveCfg = Debug|x64
		{DE2F121F-8326-4144-A766-444451895AFA}.Debug - Static|x64.ActiveCfg = Debug|x64
		{DE2F121F-8326-4144-A766-444451895AFA}.Debug - Static|x64.Build.0 = Debug|x64
		{DE2F121F-8326-4144-A766-444451895AFA}.Debug|Win32.ActiveCfg = Debug|Win32
		{DE2F121F-8326-4144-A766-444451895AFA}.Debug|Win32.Build.0 = Debug|Win32
		{DE2F121F-8326-4144-A766-444451895AFA}.Debug|x64.ActiveCfg = Debug|x64
		{DE2F121F-8326-4144-A766-444451895AFA}.Debug|x64.Build.0 = Debug|x64
		{DE2F121F-8326-4144-A766-444451895AFA}.Release - DLL|Win32.ActiveCfg = Release|x64
		{DE2F121F-8326-4144-A766-444451895AFA}.Release - DLL|x64.ActiveCfg = Release|x64
		{DE2F121F-8326-4144-A766-444451895AFA}.Release - DLL|x64.Build.0 = Release|x64
		{DE2F121F-8326-4144-A766-444451895AFA}.Release - Static|Win32.ActiveCfg = Release|x64
		{DE2F121F-8326-4144-A766-444451895AFA}.Release - Static|x64.ActiveCfg = Release|x64
		{DE2F121F-8326-4144-A766-444451895AFA}.Release - Static|x64.Build.0 = Release|x64
		{DE2F121F-8326-4144-A766-444451895AFA}.Release|Win32.ActiveCfg = Release|Win32
		{DE2F121F-8326-4144-A766-444451895AFA}.Release|Win32.Build.0 = Release|Win32
		{DE2F121F-8326-4144-A766-444451895AFA}.Release|x64.ActiveCfg = Release|x64
		{DE2F121F-8326-4144-A766-444451895AFA}.Release|x64.Build.0 = Release|x64
		{19FD8EE6-79CC-4BAC-9744-D9573BE47C7E}.Debug - DLL|Win32.ActiveCfg = Debug - DLL|Win32
		{19FD8EE6-79CC-4BAC-9744-D9573BE47C7E}.Debug - DLL|Win32.Build.0 = Debug - DLL|Win32
		{19FD8EE6-79CC-4BAC-9744-D9573BE47C7E}.Debug - DLL|x64.ActiveCfg = Debug - DLL|x64
		{19FD8EE6-79CC-4BAC-9744-D9573BE47C7E}.Debug - DLL|x64.Build.0 = Debug - DLL|x64
		{19FD8EE6-79CC-4BAC-9744-D9573BE47C7E}.Debug - Static|Win32.ActiveCfg = Debug - Static|Win32
		{19FD8EE6-79CC-4BAC-9744-D9573BE47C7E}.Debug - Static|Win32.Build.0 = Debug - Static|Win32
		{19FD8EE6-79CC-4BAC-9744-D9573BE47C7E}.Debug - Static|x64.ActiveCfg = Debug - Static|x64
		{19FD8EE6-79CC-4BAC-9744-D9573BE47C7E}.Debug - Static|x64.Build.0 = Debug - Static|x64
		{19FD8EE6-79CC-4BAC-9744-D9573BE47C7E}.Debug|Win32.ActiveCfg = Debug|Win32
		{19FD8EE6-79CC-4BAC-9744-D9573BE47C7E}.Debug|Win32.Build.0 = Debug|Win32
		{19FD8EE6-79CC-4BAC-9744-D9573BE47C7E}.Debug|x64.ActiveCfg = Debug|x64
		{19FD8EE6-79CC-4BAC-9744-D9573BE47C7E}.Debug|x64.Build.0 = Debug|x64
		{19FD8EE6-79CC-4BAC-9744-D9573BE47C7E}.Release - DLL|Win32.ActiveCfg = Release - DLL|Win32
		{19FD8EE6-79CC-4BAC-9744-D9573BE47C7E}.Release - DLL|Win32.Build.0 = Release - DLL|Win32
		{19FD8EE6-79CC-4BAC-9744-D9573BE47C7E}.Release - DLL|x64.ActiveCfg = Release - DLL|x64
		{19FD8EE6-79CC-4BAC-9744-D9573BE47C7E}.Release - DLL|x64.Build.0 = Release - DLL|x64
		{19FD8EE6-79CC-4BAC-9744-D9573BE47C7E}.Release - Static|Win32.ActiveCfg = Release - Static|Win32
		{19FD8EE6-79CC-4BAC-9744-D9573BE47C7E}.Release - Static|Win32.Build.0 = Release - Static|Win32
		{19FD8EE6-79CC-4BAC-9744-D9573BE47C7E}.Release - Static|x64.ActiveCfg = Release - Static|x64
		{19FD8EE6-79CC-4BAC-9744-D9573BE47C7E}.Release - Static|x64.Build.0 = Release - Static|x64
		{19FD8EE6-79CC-4BAC-9744-D9573BE47C7E}.Release|Win32.ActiveCfg = Release|Win32
		{19FD8EE6-79CC-4BAC-9744-D9573BE47C7E}.Release|Win32.Build.0 = Release|Win32
		{19FD8EE6-79CC-4BAC-9744-D9573BE47C7E}.Release|x64.ActiveCfg = Release|x64
		{19FD8EE6-79CC-4BAC-9744-D9573BE47C7E}.Release|x64.Build.0 = Release|x64
	EndGlobalSection
	GlobalSection(SolutionProperties) = preSolution
		HideSolutionNode = FALSE
	EndGlobalSection
EndGlobal
