<?xml version="1.0" encoding="utf-8"?>
<Project ToolsVersion="4.0" xmlns="http://schemas.microsoft.com/developer/msbuild/2003">
  <ItemGroup>
    <Filter Include="Source Files">
      <UniqueIdentifier>{881f3648-9cad-442b-898c-84a19c35f8e5}</UniqueIdentifier>
      <Extensions>cpp</Extensions>
    </Filter>
    <Filter Include="Header Files">
      <UniqueIdentifier>{fd198442-5a10-4345-83ac-92d2d7af187b}</UniqueIdentifier>
      <Extensions>h</Extensions>
    </Filter>
    <Filter Include="Miscellaneous Files">
      <UniqueIdentifier>{8d6f010c-d4ea-4251-a3c3-8550e1a052c1}</UniqueIdentifier>
      <Extensions>txt</Extensions>
    </Filter>
    <Filter Include="Header Files\Exporters">
      <UniqueIdentifier>{61d33aeb-3d8a-47fa-9aa9-a0ec37354fee}</UniqueIdentifier>
    </Filter>
    <Filter Include="Header Files\Importers">
      <UniqueIdentifier>{691cbf8e-0324-45fa-af54-f9ace810f15e}</UniqueIdentifier>
    </Filter>
    <Filter Include="Source Files\Importers">
      <UniqueIdentifier>{be06bee9-4f19-43d6-aa12-24f1a63da2cd}</UniqueIdentifier>
    </Filter>
    <Filter Include="Source Files\Exporters">
      <UniqueIdentifier>{094ce4fb-d0ce-461c-854c-f0e612eead66}</UniqueIdentifier>
    </Filter>
  </ItemGroup>
  <ItemGroup>
    <ClCompile Include="NifTranslatorOptions.cpp">
      <Filter>Source Files</Filter>
    </ClCompile>
    <ClCompile Include="NifTranslator.cpp">
      <Filter>Source Files</Filter>
    </ClCompile>
    <ClCompile Include="NifAnimationImporter.cpp">
      <Filter>Source Files\Importers</Filter>
    </ClCompile>
    <ClCompile Include="NifMaterialImporter.cpp">
      <Filter>Source Files\Importers</Filter>
    </ClCompile>
    <ClCompile Include="NifMeshImporter.cpp">
      <Filter>Source Files\Importers</Filter>
    </ClCompile>
    <ClCompile Include="NifNodeImporter.cpp">
      <Filter>Source Files\Importers</Filter>
    </ClCompile>
    <ClCompile Include="NifNodeExporter.cpp">
      <Filter>Source Files\Exporters</Filter>
    </ClCompile>
    <ClCompile Include="NifMeshExporter.cpp">
      <Filter>Source Files\Exporters</Filter>
    </ClCompile>
    <ClCompile Include="NifAnimationExporter.cpp">
      <Filter>Source Files\Exporters</Filter>
    </ClCompile>
    <ClCompile Include="NifTranslatorData.cpp">
      <Filter>Source Files</Filter>
    </ClCompile>
    <ClCompile Include="NifTranslatorUtils.cpp">
      <Filter>Source Files</Filter>
    </ClCompile>
    <ClCompile Include="NifMaterialExporter.cpp">
      <Filter>Source Files\Exporters</Filter>
    </ClCompile>
    <ClCompile Include="NifDefaultImporterFixture.cpp">
      <Filter>Source Files\Importers</Filter>
    </ClCompile>
    <ClCompile Include="NifTranslatorFixtureItem.cpp">
      <Filter>Source Files</Filter>
    </ClCompile>
  </ItemGroup>
  <ItemGroup>
    <ClInclude Include="NifTranslatorOptions.h">
      <Filter>Header Files</Filter>
    </ClInclude>
    <ClInclude Include="NifTranslator.h">
      <Filter>Header Files</Filter>
    </ClInclude>
    <ClInclude Include="NifMeshImporter.h">
      <Filter>Header Files\Importers</Filter>
    </ClInclude>
    <ClInclude Include="NifMaterialImporter.h">
      <Filter>Header Files\Importers</Filter>
    </ClInclude>
    <ClInclude Include="NifAnimationImporter.h">
      <Filter>Header Files\Importers</Filter>
    </ClInclude>
    <ClInclude Include="NifNodeImporter.h">
      <Filter>Header Files\Importers</Filter>
    </ClInclude>
    <ClInclude Include="NifNodeExporter.h">
      <Filter>Header Files\Exporters</Filter>
    </ClInclude>
    <ClInclude Include="NifMeshExporter.h">
      <Filter>Header Files\Exporters</Filter>
    </ClInclude>
    <ClInclude Include="NifAnimationExporter.h">
      <Filter>Header Files\Exporters</Filter>
    </ClInclude>
    <ClInclude Include="NifTranslatorData.h">
      <Filter>Header Files</Filter>
    </ClInclude>
    <ClInclude Include="NifTranslatorUtils.h">
      <Filter>Header Files</Filter>
    </ClInclude>
    <ClInclude Include="NifMaterialExporter.h">
      <Filter>Header Files\Exporters</Filter>
    </ClInclude>
    <ClInclude Include="NifDefaultImporterFixture.h">
      <Filter>Header Files\Importers</Filter>
    </ClInclude>
    <ClInclude Include="NifImporterFixture.h">
      <Filter>Header Files\Importers</Filter>
    </ClInclude>
    <ClInclude Include="NifTranslatorFixtureItem.h">
      <Filter>Header Files</Filter>
    </ClInclude>
  </ItemGroup>
  <ItemGroup>
    <None Include="nifTranslatorOpts.mel">
      <Filter>Miscellaneous Files</Filter>
    </None>
  </ItemGroup>
</Project>